// !$*UTF8*$!
{
	archiveVersion = 1;
	classes = {};
	objectVersion = 77;
	objects = {

/* Begin PBXBuildFile section */
		A10000000000000000000101 /* LampApp.swift in Sources */ = {isa = PBXBuildFile; fileRef = A10000000000000000000001; };
		A10000000000000000000102 /* Models.swift in Sources */ = {isa = PBXBuildFile; fileRef = A10000000000000000000002; };
		A10000000000000000000103 /* PlanningEngine.swift in Sources */ = {isa = PBXBuildFile; fileRef = A10000000000000000000003; };
		A10000000000000000000104 /* DemoData.swift in Sources */ = {isa = PBXBuildFile; fileRef = A10000000000000000000004; };
		A10000000000000000000105 /* LampStore.swift in Sources */ = {isa = PBXBuildFile; fileRef = A10000000000000000000005; };
		A10000000000000000000106 /* DesignSystem.swift in Sources */ = {isa = PBXBuildFile; fileRef = A10000000000000000000006; };
		A10000000000000000000107 /* RootView.swift in Sources */ = {isa = PBXBuildFile; fileRef = A10000000000000000000007; };
		A10000000000000000000108 /* OnboardingView.swift in Sources */ = {isa = PBXBuildFile; fileRef = A10000000000000000000008; };
		A10000000000000000000109 /* TodayView.swift in Sources */ = {isa = PBXBuildFile; fileRef = A10000000000000000000009; };
		A1000000000000000000010A /* WeekView.swift in Sources */ = {isa = PBXBuildFile; fileRef = A1000000000000000000000A; };
		A1000000000000000000010B /* RoadmapView.swift in Sources */ = {isa = PBXBuildFile; fileRef = A1000000000000000000000B; };
		A1000000000000000000010C /* MemoryView.swift in Sources */ = {isa = PBXBuildFile; fileRef = A1000000000000000000000C; };
		A1000000000000000000010D /* TellLampView.swift in Sources */ = {isa = PBXBuildFile; fileRef = A1000000000000000000000D; };
		A1000000000000000000010E /* ReplanView.swift in Sources */ = {isa = PBXBuildFile; fileRef = A1000000000000000000000E; };
		A1000000000000000000010F /* SpeechService.swift in Sources */ = {isa = PBXBuildFile; fileRef = A1000000000000000000000F; };
		A10000000000000000000110 /* AppIntents.swift in Sources */ = {isa = PBXBuildFile; fileRef = A10000000000000000000011; };
		A10000000000000000000111 /* LampActivityAttributes.swift in Sources */ = {isa = PBXBuildFile; fileRef = A10000000000000000000012; };
		A10000000000000000000112 /* LampLiveActivity.swift in Sources */ = {isa = PBXBuildFile; fileRef = A10000000000000000000013; };
		A10000000000000000000113 /* LampActivityAttributes.swift in Sources */ = {isa = PBXBuildFile; fileRef = A10000000000000000000012; };
		A10000000000000000000114 /* LampWidget.appex in Embed App Extensions */ = {isa = PBXBuildFile; fileRef = A10000000000000000000021; settings = {ATTRIBUTES = (CodeSignOnCopy, RemoveHeadersOnCopy, ); }; };
		A10000000000000000000115 /* LampActivityManager.swift in Sources */ = {isa = PBXBuildFile; fileRef = A10000000000000000000015; };
		A10000000000000000000116 /* ImageIngestionService.swift in Sources */ = {isa = PBXBuildFile; fileRef = A10000000000000000000016; };
		A10000000000000000000117 /* AgentAPIClient.swift in Sources */ = {isa = PBXBuildFile; fileRef = A10000000000000000000017; };
		A20000000000000000000101 /* LampUITests.swift in Sources */ = {isa = PBXBuildFile; fileRef = A20000000000000000000001; };
/* End PBXBuildFile section */

/* Begin PBXContainerItemProxy section */
		A10000000000000000000403 /* PBXContainerItemProxy */ = {isa = PBXContainerItemProxy; containerPortal = A10000000000000000000500 /* Project object */; proxyType = 1; remoteGlobalIDString = A10000000000000000000401; remoteInfo = LampWidget; };
		A20000000000000000000403 /* PBXContainerItemProxy */ = {isa = PBXContainerItemProxy; containerPortal = A10000000000000000000500 /* Project object */; proxyType = 1; remoteGlobalIDString = A10000000000000000000400; remoteInfo = Lamp; };
/* End PBXContainerItemProxy section */

/* Begin PBXCopyFilesBuildPhase section */
		A10000000000000000000204 /* Embed App Extensions */ = {isa = PBXCopyFilesBuildPhase; buildActionMask = 2147483647; dstPath = ""; dstSubfolderSpec = 13; files = (A10000000000000000000114 /* LampWidget.appex in Embed App Extensions */, ); name = "Embed App Extensions"; runOnlyForDeploymentPostprocessing = 0; };
/* End PBXCopyFilesBuildPhase section */

/* Begin PBXFileReference section */
		A10000000000000000000001 /* LampApp.swift */ = {isa = PBXFileReference; lastKnownFileType = sourcecode.swift; path = LampApp.swift; sourceTree = "<group>"; };
		A10000000000000000000002 /* Models.swift */ = {isa = PBXFileReference; lastKnownFileType = sourcecode.swift; path = Models.swift; sourceTree = "<group>"; };
		A10000000000000000000003 /* PlanningEngine.swift */ = {isa = PBXFileReference; lastKnownFileType = sourcecode.swift; path = PlanningEngine.swift; sourceTree = "<group>"; };
		A10000000000000000000004 /* DemoData.swift */ = {isa = PBXFileReference; lastKnownFileType = sourcecode.swift; path = DemoData.swift; sourceTree = "<group>"; };
		A10000000000000000000005 /* LampStore.swift */ = {isa = PBXFileReference; lastKnownFileType = sourcecode.swift; path = LampStore.swift; sourceTree = "<group>"; };
		A10000000000000000000006 /* DesignSystem.swift */ = {isa = PBXFileReference; lastKnownFileType = sourcecode.swift; path = DesignSystem.swift; sourceTree = "<group>"; };
		A10000000000000000000007 /* RootView.swift */ = {isa = PBXFileReference; lastKnownFileType = sourcecode.swift; path = RootView.swift; sourceTree = "<group>"; };
		A10000000000000000000008 /* OnboardingView.swift */ = {isa = PBXFileReference; lastKnownFileType = sourcecode.swift; path = OnboardingView.swift; sourceTree = "<group>"; };
		A10000000000000000000009 /* TodayView.swift */ = {isa = PBXFileReference; lastKnownFileType = sourcecode.swift; path = TodayView.swift; sourceTree = "<group>"; };
		A1000000000000000000000A /* WeekView.swift */ = {isa = PBXFileReference; lastKnownFileType = sourcecode.swift; path = WeekView.swift; sourceTree = "<group>"; };
		A1000000000000000000000B /* RoadmapView.swift */ = {isa = PBXFileReference; lastKnownFileType = sourcecode.swift; path = RoadmapView.swift; sourceTree = "<group>"; };
		A1000000000000000000000C /* MemoryView.swift */ = {isa = PBXFileReference; lastKnownFileType = sourcecode.swift; path = MemoryView.swift; sourceTree = "<group>"; };
		A1000000000000000000000D /* TellLampView.swift */ = {isa = PBXFileReference; lastKnownFileType = sourcecode.swift; path = TellLampView.swift; sourceTree = "<group>"; };
		A1000000000000000000000E /* ReplanView.swift */ = {isa = PBXFileReference; lastKnownFileType = sourcecode.swift; path = ReplanView.swift; sourceTree = "<group>"; };
		A1000000000000000000000F /* SpeechService.swift */ = {isa = PBXFileReference; lastKnownFileType = sourcecode.swift; path = SpeechService.swift; sourceTree = "<group>"; };
		A10000000000000000000010 /* Info.plist */ = {isa = PBXFileReference; lastKnownFileType = text.plist.xml; path = Info.plist; sourceTree = "<group>"; };
		A10000000000000000000011 /* AppIntents.swift */ = {isa = PBXFileReference; lastKnownFileType = sourcecode.swift; path = AppIntents.swift; sourceTree = "<group>"; };
		A10000000000000000000012 /* LampActivityAttributes.swift */ = {isa = PBXFileReference; lastKnownFileType = sourcecode.swift; path = LampActivityAttributes.swift; sourceTree = "<group>"; };
		A10000000000000000000013 /* LampLiveActivity.swift */ = {isa = PBXFileReference; lastKnownFileType = sourcecode.swift; path = LampLiveActivity.swift; sourceTree = "<group>"; };
		A10000000000000000000014 /* Info.plist */ = {isa = PBXFileReference; lastKnownFileType = text.plist.xml; path = Info.plist; sourceTree = "<group>"; };
		A10000000000000000000015 /* LampActivityManager.swift */ = {isa = PBXFileReference; lastKnownFileType = sourcecode.swift; path = LampActivityManager.swift; sourceTree = "<group>"; };
		A10000000000000000000016 /* ImageIngestionService.swift */ = {isa = PBXFileReference; lastKnownFileType = sourcecode.swift; path = ImageIngestionService.swift; sourceTree = "<group>"; };
		A10000000000000000000017 /* AgentAPIClient.swift */ = {isa = PBXFileReference; lastKnownFileType = sourcecode.swift; path = AgentAPIClient.swift; sourceTree = "<group>"; };
		A10000000000000000000020 /* Lamp.app */ = {isa = PBXFileReference; explicitFileType = wrapper.application; includeInIndex = 0; path = Lamp.app; sourceTree = BUILT_PRODUCTS_DIR; };
		A10000000000000000000021 /* LampWidget.appex */ = {isa = PBXFileReference; explicitFileType = "wrapper.app-extension"; includeInIndex = 0; path = LampWidget.appex; sourceTree = BUILT_PRODUCTS_DIR; };
		A20000000000000000000001 /* LampUITests.swift */ = {isa = PBXFileReference; lastKnownFileType = sourcecode.swift; path = LampUITests.swift; sourceTree = "<group>"; };
		A20000000000000000000020 /* LampUITests.xctest */ = {isa = PBXFileReference; explicitFileType = wrapper.cfbundle; includeInIndex = 0; path = LampUITests.xctest; sourceTree = BUILT_PRODUCTS_DIR; };
/* End PBXFileReference section */

/* Begin PBXFrameworksBuildPhase section */
		A10000000000000000000203 /* Frameworks */ = {isa = PBXFrameworksBuildPhase; buildActionMask = 2147483647; files = (); runOnlyForDeploymentPostprocessing = 0; };
		A10000000000000000000223 /* Frameworks */ = {isa = PBXFrameworksBuildPhase; buildActionMask = 2147483647; files = (); runOnlyForDeploymentPostprocessing = 0; };
		A20000000000000000000203 /* Frameworks */ = {isa = PBXFrameworksBuildPhase; buildActionMask = 2147483647; files = (); runOnlyForDeploymentPostprocessing = 0; };
/* End PBXFrameworksBuildPhase section */

/* Begin PBXGroup section */
		A10000000000000000000300 = {isa = PBXGroup; children = (A10000000000000000000301 /* Lamp */, A10000000000000000000303 /* LampWidget */, A20000000000000000000301 /* LampUITests */, A10000000000000000000302 /* Products */); sourceTree = "<group>"; };
		A10000000000000000000301 /* Lamp */ = {isa = PBXGroup; path = Lamp; sourceTree = "<group>"; children = (
			A10000000000000000000001, A10000000000000000000002, A10000000000000000000003, A10000000000000000000004,
			A10000000000000000000005, A10000000000000000000006, A10000000000000000000007, A10000000000000000000008,
			A10000000000000000000009, A1000000000000000000000A, A1000000000000000000000B, A1000000000000000000000C,
			A1000000000000000000000D, A1000000000000000000000E, A1000000000000000000000F, A10000000000000000000010, A10000000000000000000011, A10000000000000000000012, A10000000000000000000015, A10000000000000000000016, A10000000000000000000017,
		); };
		A10000000000000000000302 /* Products */ = {isa = PBXGroup; children = (A10000000000000000000020, A10000000000000000000021, A20000000000000000000020); name = Products; sourceTree = "<group>"; };
		A10000000000000000000303 /* LampWidget */ = {isa = PBXGroup; path = LampWidget; sourceTree = "<group>"; children = (A10000000000000000000013, A10000000000000000000014); };
		A20000000000000000000301 /* LampUITests */ = {isa = PBXGroup; path = LampUITests; sourceTree = "<group>"; children = (A20000000000000000000001,); };
/* End PBXGroup section */

/* Begin PBXNativeTarget section */
		A10000000000000000000400 /* Lamp */ = {isa = PBXNativeTarget; buildConfigurationList = A10000000000000000000601; buildPhases = (A10000000000000000000201, A10000000000000000000203, A10000000000000000000202, A10000000000000000000204); buildRules = (); dependencies = (A10000000000000000000402); name = Lamp; productName = Lamp; productReference = A10000000000000000000020; productType = "com.apple.product-type.application"; };
		A10000000000000000000401 /* LampWidget */ = {isa = PBXNativeTarget; buildConfigurationList = A10000000000000000000602; buildPhases = (A10000000000000000000221, A10000000000000000000223, A10000000000000000000222); buildRules = (); dependencies = (); name = LampWidget; productName = LampWidget; productReference = A10000000000000000000021; productType = "com.apple.product-type.app-extension"; };
		A20000000000000000000400 /* LampUITests */ = {isa = PBXNativeTarget; buildConfigurationList = A20000000000000000000601; buildPhases = (A20000000000000000000201, A20000000000000000000203, A20000000000000000000202); buildRules = (); dependencies = (A20000000000000000000402); name = LampUITests; productName = LampUITests; productReference = A20000000000000000000020; productType = "com.apple.product-type.bundle.ui-testing"; };
/* End PBXNativeTarget section */

/* Begin PBXProject section */
		A10000000000000000000500 /* Project object */ = {isa = PBXProject; attributes = {BuildIndependentTargetsInParallel = 1; LastSwiftUpdateCheck = 2660; LastUpgradeCheck = 2660; TargetAttributes = {A10000000000000000000400 = {CreatedOnToolsVersion = 26.6; }; A10000000000000000000401 = {CreatedOnToolsVersion = 26.6; }; A20000000000000000000400 = {CreatedOnToolsVersion = 26.6; TestTargetID = A10000000000000000000400; };};}; buildConfigurationList = A10000000000000000000600; compatibilityVersion = "Xcode 16.0"; developmentRegion = zh_CN; hasScannedForEncodings = 0; knownRegions = (Base, zh_CN, en); mainGroup = A10000000000000000000300; productRefGroup = A10000000000000000000302; projectDirPath = ""; projectRoot = ""; targets = (A10000000000000000000400, A10000000000000000000401, A20000000000000000000400); };
/* End PBXProject section */

/* Begin PBXResourcesBuildPhase section */
		A10000000000000000000202 /* Resources */ = {isa = PBXResourcesBuildPhase; buildActionMask = 2147483647; files = (); runOnlyForDeploymentPostprocessing = 0; };
		A10000000000000000000222 /* Resources */ = {isa = PBXResourcesBuildPhase; buildActionMask = 2147483647; files = (); runOnlyForDeploymentPostprocessing = 0; };
		A20000000000000000000202 /* Resources */ = {isa = PBXResourcesBuildPhase; buildActionMask = 2147483647; files = (); runOnlyForDeploymentPostprocessing = 0; };
/* End PBXResourcesBuildPhase section */

/* Begin PBXSourcesBuildPhase section */
		A10000000000000000000201 /* Sources */ = {isa = PBXSourcesBuildPhase; buildActionMask = 2147483647; files = (
			A10000000000000000000101, A10000000000000000000102, A10000000000000000000103, A10000000000000000000104,
			A10000000000000000000105, A10000000000000000000106, A10000000000000000000107, A10000000000000000000108,
			A10000000000000000000109, A1000000000000000000010A, A1000000000000000000010B, A1000000000000000000010C,
			A1000000000000000000010D, A1000000000000000000010E, A1000000000000000000010F, A10000000000000000000110, A10000000000000000000111, A10000000000000000000115, A10000000000000000000116, A10000000000000000000117,
		); runOnlyForDeploymentPostprocessing = 0; };
		A10000000000000000000221 /* Sources */ = {isa = PBXSourcesBuildPhase; buildActionMask = 2147483647; files = (A10000000000000000000112, A10000000000000000000113); runOnlyForDeploymentPostprocessing = 0; };
		A20000000000000000000201 /* Sources */ = {isa = PBXSourcesBuildPhase; buildActionMask = 2147483647; files = (A20000000000000000000101); runOnlyForDeploymentPostprocessing = 0; };
/* End PBXSourcesBuildPhase section */

/* Begin PBXTargetDependency section */
		A10000000000000000000402 /* PBXTargetDependency */ = {isa = PBXTargetDependency; target = A10000000000000000000401 /* LampWidget */; targetProxy = A10000000000000000000403 /* PBXContainerItemProxy */; };
		A20000000000000000000402 /* PBXTargetDependency */ = {isa = PBXTargetDependency; target = A10000000000000000000400 /* Lamp */; targetProxy = A20000000000000000000403 /* PBXContainerItemProxy */; };
/* End PBXTargetDependency section */

/* Begin XCBuildConfiguration section */
		A10000000000000000000700 /* Debug */ = {isa = XCBuildConfiguration; buildSettings = {ALWAYS_SEARCH_USER_PATHS = NO; CLANG_ENABLE_MODULES = YES; CLANG_ENABLE_OBJC_ARC = YES; DEBUG_INFORMATION_FORMAT = dwarf; ENABLE_TESTABILITY = YES; GCC_C_LANGUAGE_STANDARD = gnu17; GCC_OPTIMIZATION_LEVEL = 0; IPHONEOS_DEPLOYMENT_TARGET = 18.0; MTL_ENABLE_DEBUG_INFO = INCLUDE_SOURCE; ONLY_ACTIVE_ARCH = YES; SDKROOT = iphoneos; SWIFT_ACTIVE_COMPILATION_CONDITIONS = "DEBUG $(inherited)"; SWIFT_OPTIMIZATION_LEVEL = "-Onone"; }; name = Debug; };
		A10000000000000000000701 /* Release */ = {isa = XCBuildConfiguration; buildSettings = {ALWAYS_SEARCH_USER_PATHS = NO; CLANG_ENABLE_MODULES = YES; CLANG_ENABLE_OBJC_ARC = YES; DEBUG_INFORMATION_FORMAT = "dwarf-with-dsym"; ENABLE_NS_ASSERTIONS = NO; GCC_C_LANGUAGE_STANDARD = gnu17; IPHONEOS_DEPLOYMENT_TARGET = 18.0; MTL_ENABLE_DEBUG_INFO = NO; SDKROOT = iphoneos; SWIFT_COMPILATION_MODE = wholemodule; VALIDATE_PRODUCT = YES; }; name = Release; };
		A10000000000000000000710 /* Debug */ = {isa = XCBuildConfiguration; buildSettings = {CODE_SIGN_ENTITLEMENTS = Lamp/Lamp.entitlements; CODE_SIGN_STYLE = Automatic; CURRENT_PROJECT_VERSION = 1; DEVELOPMENT_TEAM = ""; GENERATE_INFOPLIST_FILE = NO; INFOPLIST_FILE = Lamp/Info.plist; LD_RUNPATH_SEARCH_PATHS = "$(inherited) @executable_path/Frameworks"; MARKETING_VERSION = 0.1.0; PRODUCT_BUNDLE_IDENTIFIER = com.lamp.planner; PRODUCT_NAME = "$(TARGET_NAME)"; SUPPORTED_PLATFORMS = "iphoneos iphonesimulator"; SUPPORTS_MACCATALYST = NO; SWIFT_EMIT_LOC_STRINGS = YES; SWIFT_VERSION = 5.0; TARGETED_DEVICE_FAMILY = 1; }; name = Debug; };
		A10000000000000000000711 /* Release */ = {isa = XCBuildConfiguration; buildSettings = {CODE_SIGN_ENTITLEMENTS = Lamp/Lamp.entitlements; CODE_SIGN_STYLE = Automatic; CURRENT_PROJECT_VERSION = 1; DEVELOPMENT_TEAM = ""; GENERATE_INFOPLIST_FILE = NO; INFOPLIST_FILE = Lamp/Info.plist; LD_RUNPATH_SEARCH_PATHS = "$(inherited) @executable_path/Frameworks"; MARKETING_VERSION = 0.1.0; PRODUCT_BUNDLE_IDENTIFIER = com.lamp.planner; PRODUCT_NAME = "$(TARGET_NAME)"; SUPPORTED_PLATFORMS = "iphoneos iphonesimulator"; SUPPORTS_MACCATALYST = NO; SWIFT_EMIT_LOC_STRINGS = YES; SWIFT_VERSION = 5.0; TARGETED_DEVICE_FAMILY = 1; }; name = Release; };
		A10000000000000000000712 /* Debug */ = {isa = XCBuildConfiguration; buildSettings = {APPLICATION_EXTENSION_API_ONLY = YES; CODE_SIGN_ENTITLEMENTS = LampWidget/LampWidget.entitlements; CODE_SIGN_STYLE = Automatic; CURRENT_PROJECT_VERSION = 1; DEVELOPMENT_TEAM = ""; GENERATE_INFOPLIST_FILE = NO; INFOPLIST_FILE = LampWidget/Info.plist; IPHONEOS_DEPLOYMENT_TARGET = 18.0; LD_RUNPATH_SEARCH_PATHS = "$(inherited) @executable_path/Frameworks @executable_path/../../Frameworks"; MARKETING_VERSION = 0.1.0; PRODUCT_BUNDLE_IDENTIFIER = com.lamp.planner.widget; PRODUCT_NAME = "$(TARGET_NAME)"; SKIP_INSTALL = YES; SUPPORTED_PLATFORMS = "iphoneos iphonesimulator"; SWIFT_VERSION = 5.0; TARGETED_DEVICE_FAMILY = 1; }; name = Debug; };
		A10000000000000000000713 /* Release */ = {isa = XCBuildConfiguration; buildSettings = {APPLICATION_EXTENSION_API_ONLY = YES; CODE_SIGN_ENTITLEMENTS = LampWidget/LampWidget.entitlements; CODE_SIGN_STYLE = Automatic; CURRENT_PROJECT_VERSION = 1; DEVELOPMENT_TEAM = ""; GENERATE_INFOPLIST_FILE = NO; INFOPLIST_FILE = LampWidget/Info.plist; IPHONEOS_DEPLOYMENT_TARGET = 18.0; LD_RUNPATH_SEARCH_PATHS = "$(inherited) @executable_path/Frameworks @executable_path/../../Frameworks"; MARKETING_VERSION = 0.1.0; PRODUCT_BUNDLE_IDENTIFIER = com.lamp.planner.widget; PRODUCT_NAME = "$(TARGET_NAME)"; SKIP_INSTALL = YES; SUPPORTED_PLATFORMS = "iphoneos iphonesimulator"; SWIFT_VERSION = 5.0; TARGETED_DEVICE_FAMILY = 1; }; name = Release; };
		A20000000000000000000710 /* Debug */ = {isa = XCBuildConfiguration; buildSettings = {CODE_SIGN_STYLE = Automatic; DEVELOPMENT_TEAM = ""; GENERATE_INFOPLIST_FILE = YES; IPHONEOS_DEPLOYMENT_TARGET = 18.0; PRODUCT_BUNDLE_IDENTIFIER = com.lamp.planner.uitests; PRODUCT_NAME = "$(TARGET_NAME)"; SDKROOT = iphoneos; SWIFT_VERSION = 5.0; TARGETED_DEVICE_FAMILY = 1; TEST_TARGET_NAME = Lamp; }; name = Debug; };
		A20000000000000000000711 /* Release */ = {isa = XCBuildConfiguration; buildSettings = {CODE_SIGN_STYLE = Automatic; DEVELOPMENT_TEAM = ""; GENERATE_INFOPLIST_FILE = YES; IPHONEOS_DEPLOYMENT_TARGET = 18.0; PRODUCT_BUNDLE_IDENTIFIER = com.lamp.planner.uitests; PRODUCT_NAME = "$(TARGET_NAME)"; SDKROOT = iphoneos; SWIFT_VERSION = 5.0; TARGETED_DEVICE_FAMILY = 1; TEST_TARGET_NAME = Lamp; }; name = Release; };
/* End XCBuildConfiguration section */

/* Begin XCConfigurationList section */
		A10000000000000000000600 = {isa = XCConfigurationList; buildConfigurations = (A10000000000000000000700, A10000000000000000000701); defaultConfigurationIsVisible = 0; defaultConfigurationName = Release; };
		A10000000000000000000601 = {isa = XCConfigurationList; buildConfigurations = (A10000000000000000000710, A10000000000000000000711); defaultConfigurationIsVisible = 0; defaultConfigurationName = Release; };
		A10000000000000000000602 = {isa = XCConfigurationList; buildConfigurations = (A10000000000000000000712, A10000000000000000000713); defaultConfigurationIsVisible = 0; defaultConfigurationName = Release; };
		A20000000000000000000601 = {isa = XCConfigurationList; buildConfigurations = (A20000000000000000000710, A20000000000000000000711); defaultConfigurationIsVisible = 0; defaultConfigurationName = Release; };
/* End XCConfigurationList section */
	};
	rootObject = A10000000000000000000500;
}
